// !$*UTF8*$!
{
	archiveVersion = 1;
	classes = {
	};
	objectVersion = 50;
	objects = {

/* Begin PBXBuildFile section */
		42FB30CE253C5A9300877384 /* AppDelegate.swift in Sources */ = {isa = PBXBuildFile; fileRef = 42FB30CD253C5A9300877384 /* AppDelegate.swift */; };
		42FB30D0253C5A9300877384 /* SceneDelegate.swift in Sources */ = {isa = PBXBuildFile; fileRef = 42FB30CF253C5A9300877384 /* SceneDelegate.swift */; };
		42FB30D5253C5A9300877384 /* Main.storyboard in Resources */ = {isa = PBXBuildFile; fileRef = 42FB30D3253C5A9300877384 /* Main.storyboard */; };
		42FB30D7253C5A9500877384 /* Assets.xcassets in Resources */ = {isa = PBXBuildFile; fileRef = 42FB30D6253C5A9500877384 /* Assets.xcassets */; };
		42FB30DA253C5A9500877384 /* LaunchScreen.storyboard in Resources */ = {isa = PBXBuildFile; fileRef = 42FB30D8253C5A9500877384 /* LaunchScreen.storyboard */; };
		42FB30E5253C5A9500877384 /* flixTests.swift in Sources */ = {isa = PBXBuildFile; fileRef = 42FB30E4253C5A9500877384 /* flixTests.swift */; };
		42FB30F0253C5A9500877384 /* flixUITests.swift in Sources */ = {isa = PBXBuildFile; fileRef = 42FB30EF253C5A9500877384 /* flixUITests.swift */; };
		42FB3104253C641B00877384 /* MoviesViewController.swift in Sources */ = {isa = PBXBuildFile; fileRef = 42FB3103253C641B00877384 /* MoviesViewController.swift */; };
		42FB311C253C7FCA00877384 /* MovieCell.swift in Sources */ = {isa = PBXBuildFile; fileRef = 42FB311B253C7FCA00877384 /* MovieCell.swift */; };
		7B7F5F84F94E4007206866E3 /* Pods_flix.framework in Frameworks */ = {isa = PBXBuildFile; fileRef = E9EC113164631A86F265A0BA /* Pods_flix.framework */; };
		C395908CA152EED2F9B477C6 /* Pods_flixTests.framework in Frameworks */ = {isa = PBXBuildFile; fileRef = D0A172E56EB9FBC70936B79C /* Pods_flixTests.framework */; };
		E64D84A245CBA4BF9696B361 /* Pods_flix_flixUITests.framework in Frameworks */ = {isa = PBXBuildFile; fileRef = 2FD8E4207C70DE8DCE05729D /* Pods_flix_flixUITests.framework */; };
/* End PBXBuildFile section */

/* Begin PBXContainerItemProxy section */
		42FB30E1253C5A9500877384 /* PBXContainerItemProxy */ = {
			isa = PBXContainerItemProxy;
			containerPortal = 42FB30C2253C5A9300877384 /* Project object */;
			proxyType = 1;
			remoteGlobalIDString = 42FB30C9253C5A9300877384;
			remoteInfo = flix;
		};
		42FB30EC253C5A9500877384 /* PBXContainerItemProxy */ = {
			isa = PBXContainerItemProxy;
			containerPortal = 42FB30C2253C5A9300877384 /* Project object */;
			proxyType = 1;
			remoteGlobalIDString = 42FB30C9253C5A9300877384;
			remoteInfo = flix;
		};
/* End PBXContainerItemProxy section */

/* Begin PBXFileReference section */
		2B9E6224CA0428B22706781D /* Pods-flix-flixUITests.release.xcconfig */ = {isa = PBXFileReference; includeInIndex = 1; lastKnownFileType = text.xcconfig; name = "Pods-flix-flixUITests.release.xcconfig"; path = "Target Support Files/Pods-flix-flixUITests/Pods-flix-flixUITests.release.xcconfig"; sourceTree = "<group>"; };
		2FD8E4207C70DE8DCE05729D /* Pods_flix_flixUITests.framework */ = {isa = PBXFileReference; explicitFileType = wrapper.framework; includeInIndex = 0; path = Pods_flix_flixUITests.framework; sourceTree = BUILT_PRODUCTS_DIR; };
		3B4F15E47BEB11C07CB93156 /* Pods-flixTests.debug.xcconfig */ = {isa = PBXFileReference; includeInIndex = 1; lastKnownFileType = text.xcconfig; name = "Pods-flixTests.debug.xcconfig"; path = "Target Support Files/Pods-flixTests/Pods-flixTests.debug.xcconfig"; sourceTree = "<group>"; };
		42FB30CA253C5A9300877384 /* flix.app */ = {isa = PBXFileReference; explicitFileType = wrapper.application; includeInIndex = 0; path = flix.app; sourceTree = BUILT_PRODUCTS_DIR; };
		42FB30CD253C5A9300877384 /* AppDelegate.swift */ = {isa = PBXFileReference; lastKnownFileType = sourcecode.swift; path = AppDelegate.swift; sourceTree = "<group>"; };
		42FB30CF253C5A9300877384 /* SceneDelegate.swift */ = {isa = PBXFileReference; lastKnownFileType = sourcecode.swift; path = SceneDelegate.swift; sourceTree = "<group>"; };
		42FB30D4253C5A9300877384 /* Base */ = {isa = PBXFileReference; lastKnownFileType = file.storyboard; name = Base; path = Base.lproj/Main.storyboard; sourceTree = "<group>"; };
		42FB30D6253C5A9500877384 /* Assets.xcassets */ = {isa = PBXFileReference; lastKnownFileType = folder.assetcatalog; path = Assets.xcassets; sourceTree = "<group>"; };
		42FB30D9253C5A9500877384 /* Base */ = {isa = PBXFileReference; lastKnownFileType = file.storyboard; name = Base; path = Base.lproj/LaunchScreen.storyboard; sourceTree = "<group>"; };
		42FB30DB253C5A9500877384 /* Info.plist */ = {isa = PBXFileReference; lastKnownFileType = text.plist.xml; path = Info.plist; sourceTree = "<group>"; };
		42FB30E0253C5A9500877384 /* flixTests.xctest */ = {isa = PBXFileReference; explicitFileType = wrapper.cfbundle; includeInIndex = 0; path = flixTests.xctest; sourceTree = BUILT_PRODUCTS_DIR; };
		42FB30E4253C5A9500877384 /* flixTests.swift */ = {isa = PBXFileReference; lastKnownFileType = sourcecode.swift; path = flixTests.swift; sourceTree = "<group>"; };
		42FB30E6253C5A9500877384 /* Info.plist */ = {isa = PBXFileReference; lastKnownFileType = text.plist.xml; path = Info.plist; sourceTree = "<group>"; };
		42FB30EB253C5A9500877384 /* flixUITests.xctest */ = {isa = PBXFileReference; explicitFileType = wrapper.cfbundle; includeInIndex = 0; path = flixUITests.xctest; sourceTree = BUILT_PRODUCTS_DIR; };
		42FB30EF253C5A9500877384 /* flixUITests.swift */ = {isa = PBXFileReference; lastKnownFileType = sourcecode.swift; path = flixUITests.swift; sourceTree = "<group>"; };
		42FB30F1253C5A9500877384 /* Info.plist */ = {isa = PBXFileReference; lastKnownFileType = text.plist.xml; path = Info.plist; sourceTree = "<group>"; };
		42FB3103253C641B00877384 /* MoviesViewController.swift */ = {isa = PBXFileReference; lastKnownFileType = sourcecode.swift; path = MoviesViewController.swift; sourceTree = "<group>"; };
		42FB311B253C7FCA00877384 /* MovieCell.swift */ = {isa = PBXFileReference; lastKnownFileType = sourcecode.swift; path = MovieCell.swift; sourceTree = "<group>"; };
		5AD1D9FB4D1C662BD68DDCFE /* Pods-flix-flixUITests.debug.xcconfig */ = {isa = PBXFileReference; includeInIndex = 1; lastKnownFileType = text.xcconfig; name = "Pods-flix-flixUITests.debug.xcconfig"; path = "Target Support Files/Pods-flix-flixUITests/Pods-flix-flixUITests.debug.xcconfig"; sourceTree = "<group>"; };
		6E5EA02474200CF68955EFA0 /* Pods-flix.debug.xcconfig */ = {isa = PBXFileReference; includeInIndex = 1; lastKnownFileType = text.xcconfig; name = "Pods-flix.debug.xcconfig"; path = "Target Support Files/Pods-flix/Pods-flix.debug.xcconfig"; sourceTree = "<group>"; };
		6F80677328B35DCB2256D153 /* Pods-flixTests.release.xcconfig */ = {isa = PBXFileReference; includeInIndex = 1; lastKnownFileType = text.xcconfig; name = "Pods-flixTests.release.xcconfig"; path = "Target Support Files/Pods-flixTests/Pods-flixTests.release.xcconfig"; sourceTree = "<group>"; };
		8802B16B09C7799A1AD09334 /* Pods-flix.release.xcconfig */ = {isa = PBXFileReference; includeInIndex = 1; lastKnownFileType = text.xcconfig; name = "Pods-flix.release.xcconfig"; path = "Target Support Files/Pods-flix/Pods-flix.release.xcconfig"; sourceTree = "<group>"; };
		D0A172E56EB9FBC70936B79C /* Pods_flixTests.framework */ = {isa = PBXFileReference; explicitFileType = wrapper.framework; includeInIndex = 0; path = Pods_flixTests.framework; sourceTree = BUILT_PRODUCTS_DIR; };
		E9EC113164631A86F265A0BA /* Pods_flix.framework */ = {isa = PBXFileReference; explicitFileType = wrapper.framework; includeInIndex = 0; path = Pods_flix.framework; sourceTree = BUILT_PRODUCTS_DIR; };
/* End PBXFileReference section */

/* Begin PBXFrameworksBuildPhase section */
		42FB30C7253C5A9300877384 /* Frameworks */ = {
			isa = PBXFrameworksBuildPhase;
			buildActionMask = 2147483647;
			files = (
				7B7F5F84F94E4007206866E3 /* Pods_flix.framework in Frameworks */,
			);
			runOnlyForDeploymentPostprocessing = 0;
		};
		42FB30DD253C5A9500877384 /* Frameworks */ = {
			isa = PBXFrameworksBuildPhase;
			buildActionMask = 2147483647;
			files = (
				C395908CA152EED2F9B477C6 /* Pods_flixTests.framework in Frameworks */,
			);
			runOnlyForDeploymentPostprocessing = 0;
		};
		42FB30E8253C5A9500877384 /* Frameworks */ = {
			isa = PBXFrameworksBuildPhase;
			buildActionMask = 2147483647;
			files = (
				E64D84A245CBA4BF9696B361 /* Pods_flix_flixUITests.framework in Frameworks */,
			);
			runOnlyForDeploymentPostprocessing = 0;
		};
/* End PBXFrameworksBuildPhase section */

/* Begin PBXGroup section */
		42FB30C1253C5A9300877384 = {
			isa = PBXGroup;
			children = (
				42FB30CC253C5A9300877384 /* flix */,
				42FB30E3253C5A9500877384 /* flixTests */,
				42FB30EE253C5A9500877384 /* flixUITests */,
				42FB30CB253C5A9300877384 /* Products */,
				4C24CA1A9B4EC57FB7E284A1 /* Pods */,
				91EF2D3CCE581B87C37DB59A /* Frameworks */,
			);
			sourceTree = "<group>";
		};
		42FB30CB253C5A9300877384 /* Products */ = {
			isa = PBXGroup;
			children = (
				42FB30CA253C5A9300877384 /* flix.app */,
				42FB30E0253C5A9500877384 /* flixTests.xctest */,
				42FB30EB253C5A9500877384 /* flixUITests.xctest */,
			);
			name = Products;
			sourceTree = "<group>";
		};
		42FB30CC253C5A9300877384 /* flix */ = {
			isa = PBXGroup;
			children = (
				42FB30CD253C5A9300877384 /* AppDelegate.swift */,
				42FB30CF253C5A9300877384 /* SceneDelegate.swift */,
				42FB30D3253C5A9300877384 /* Main.storyboard */,
				42FB30D6253C5A9500877384 /* Assets.xcassets */,
				42FB30D8253C5A9500877384 /* LaunchScreen.storyboard */,
				42FB30DB253C5A9500877384 /* Info.plist */,
				42FB3103253C641B00877384 /* MoviesViewController.swift */,
				42FB311B253C7FCA00877384 /* MovieCell.swift */,
			);
			path = flix;
			sourceTree = "<group>";
		};
		42FB30E3253C5A9500877384 /* flixTests */ = {
			isa = PBXGroup;
			children = (
				42FB30E4253C5A9500877384 /* flixTests.swift */,
				42FB30E6253C5A9500877384 /* Info.plist */,
			);
			path = flixTests;
			sourceTree = "<group>";
		};
		42FB30EE253C5A9500877384 /* flixUITests */ = {
			isa = PBXGroup;
			children = (
				42FB30EF253C5A9500877384 /* flixUITests.swift */,
				42FB30F1253C5A9500877384 /* Info.plist */,
			);
			path = flixUITests;
			sourceTree = "<group>";
		};
		4C24CA1A9B4EC57FB7E284A1 /* Pods */ = {
			isa = PBXGroup;
			children = (
				6E5EA02474200CF68955EFA0 /* Pods-flix.debug.xcconfig */,
				8802B16B09C7799A1AD09334 /* Pods-flix.release.xcconfig */,
				5AD1D9FB4D1C662BD68DDCFE /* Pods-flix-flixUITests.debug.xcconfig */,
				2B9E6224CA0428B22706781D /* Pods-flix-flixUITests.release.xcconfig */,
				3B4F15E47BEB11C07CB93156 /* Pods-flixTests.debug.xcconfig */,
				6F80677328B35DCB2256D153 /* Pods-flixTests.release.xcconfig */,
			);
			name = Pods;
			path = Pods;
			sourceTree = "<group>";
		};
		91EF2D3CCE581B87C37DB59A /* Frameworks */ = {
			isa = PBXGroup;
			children = (
				E9EC113164631A86F265A0BA /* Pods_flix.framework */,
				2FD8E4207C70DE8DCE05729D /* Pods_flix_flixUITests.framework */,
				D0A172E56EB9FBC70936B79C /* Pods_flixTests.framework */,
			);
			name = Frameworks;
			sourceTree = "<group>";
		};
/* End PBXGroup section */

/* Begin PBXNativeTarget section */
		42FB30C9253C5A9300877384 /* flix */ = {
			isa = PBXNativeTarget;
			buildConfigurationList = 42FB30F4253C5A9500877384 /* Build configuration list for PBXNativeTarget "flix" */;
			buildPhases = (
				3126E01407B58075F357027E /* [CP] Check Pods Manifest.lock */,
				42FB30C6253C5A9300877384 /* Sources */,
				42FB30C7253C5A9300877384 /* Frameworks */,
				42FB30C8253C5A9300877384 /* Resources */,
				096EF5D7AC759F6BFFAF333C /* [CP] Embed Pods Frameworks */,
			);
			buildRules = (
			);
			dependencies = (
			);
			name = flix;
			productName = flix;
			productReference = 42FB30CA253C5A9300877384 /* flix.app */;
			productType = "com.apple.product-type.application";
		};
		42FB30DF253C5A9500877384 /* flixTests */ = {
			isa = PBXNativeTarget;
			buildConfigurationList = 42FB30F7253C5A9500877384 /* Build configuration list for PBXNativeTarget "flixTests" */;
			buildPhases = (
				8DAEE284344933EC3243AD6E /* [CP] Check Pods Manifest.lock */,
				42FB30DC253C5A9500877384 /* Sources */,
				42FB30DD253C5A9500877384 /* Frameworks */,
				42FB30DE253C5A9500877384 /* Resources */,
			);
			buildRules = (
			);
			dependencies = (
				42FB30E2253C5A9500877384 /* PBXTargetDependency */,
			);
			name = flixTests;
			productName = flixTests;
			productReference = 42FB30E0253C5A9500877384 /* flixTests.xctest */;
			productType = "com.apple.product-type.bundle.unit-test";
		};
		42FB30EA253C5A9500877384 /* flixUITests */ = {
			isa = PBXNativeTarget;
			buildConfigurationList = 42FB30FA253C5A9500877384 /* Build configuration list for PBXNativeTarget "flixUITests" */;
			buildPhases = (
				17FA0A8B65CD2B237B7FFC30 /* [CP] Check Pods Manifest.lock */,
				42FB30E7253C5A9500877384 /* Sources */,
				42FB30E8253C5A9500877384 /* Frameworks */,
				42FB30E9253C5A9500877384 /* Resources */,
				E04904D493CD21567DED67D9 /* [CP] Embed Pods Frameworks */,
			);
			buildRules = (
			);
			dependencies = (
				42FB30ED253C5A9500877384 /* PBXTargetDependency */,
			);
			name = flixUITests;
			productName = flixUITests;
			productReference = 42FB30EB253C5A9500877384 /* flixUITests.xctest */;
			productType = "com.apple.product-type.bundle.ui-testing";
		};
/* End PBXNativeTarget section */

/* Begin PBXProject section */
		42FB30C2253C5A9300877384 /* Project object */ = {
			isa = PBXProject;
			attributes = {
				LastSwiftUpdateCheck = 1200;
				LastUpgradeCheck = 1200;
				TargetAttributes = {
					42FB30C9253C5A9300877384 = {
						CreatedOnToolsVersion = 12.0.1;
					};
					42FB30DF253C5A9500877384 = {
						CreatedOnToolsVersion = 12.0.1;
						TestTargetID = 42FB30C9253C5A9300877384;
					};
					42FB30EA253C5A9500877384 = {
						CreatedOnToolsVersion = 12.0.1;
						TestTargetID = 42FB30C9253C5A9300877384;
					};
				};
			};
			buildConfigurationList = 42FB30C5253C5A9300877384 /* Build configuration list for PBXProject "flix" */;
			compatibilityVersion = "Xcode 9.3";
			developmentRegion = en;
			hasScannedForEncodings = 0;
			knownRegions = (
				en,
				Base,
			);
			mainGroup = 42FB30C1253C5A9300877384;
			productRefGroup = 42FB30CB253C5A9300877384 /* Products */;
			projectDirPath = "";
			projectRoot = "";
			targets = (
				42FB30C9253C5A9300877384 /* flix */,
				42FB30DF253C5A9500877384 /* flixTests */,
				42FB30EA253C5A9500877384 /* flixUITests */,
			);
		};
/* End PBXProject section */

/* Begin PBXResourcesBuildPhase section */
		42FB30C8253C5A9300877384 /* Resources */ = {
			isa = PBXResourcesBuildPhase;
			buildActionMask = 2147483647;
			files = (
				42FB30DA253C5A9500877384 /* LaunchScreen.storyboard in Resources */,
				42FB30D7253C5A9500877384 /* Assets.xcassets in Resources */,
				42FB30D5253C5A9300877384 /* Main.storyboard in Resources */,
			);
			runOnlyForDeploymentPostprocessing = 0;
		};
		42FB30DE253C5A9500877384 /* Resources */ = {
			isa = PBXResourcesBuildPhase;
			buildActionMask = 2147483647;
			files = (
			);
			runOnlyForDeploymentPostprocessing = 0;
		};
		42FB30E9253C5A9500877384 /* Resources */ = {
			isa = PBXResourcesBuildPhase;
			buildActionMask = 2147483647;
			files = (
			);
			runOnlyForDeploymentPostprocessing = 0;
		};
/* End PBXResourcesBuildPhase section */

/* Begin PBXShellScriptBuildPhase section */
		096EF5D7AC759F6BFFAF333C /* [CP] Embed Pods Frameworks */ = {
			isa = PBXShellScriptBuildPhase;
			buildActionMask = 2147483647;
			files = (
			);
			inputFileListPaths = (
				"${PODS_ROOT}/Target Support Files/Pods-flix/Pods-flix-frameworks-${CONFIGURATION}-input-files.xcfilelist",
			);
			name = "[CP] Embed Pods Frameworks";
			outputFileListPaths = (
				"${PODS_ROOT}/Target Support Files/Pods-flix/Pods-flix-frameworks-${CONFIGURATION}-output-files.xcfilelist",
			);
			runOnlyForDeploymentPostprocessing = 0;
			shellPath = /bin/sh;
			shellScript = "\"${PODS_ROOT}/Target Support Files/Pods-flix/Pods-flix-frameworks.sh\"\n";
			showEnvVarsInLog = 0;
		};
		17FA0A8B65CD2B237B7FFC30 /* [CP] Check Pods Manifest.lock */ = {
			isa = PBXShellScriptBuildPhase;
			buildActionMask = 2147483647;
			files = (
			);
			inputFileListPaths = (
			);
			inputPaths = (
				"${PODS_PODFILE_DIR_PATH}/Podfile.lock",
				"${PODS_ROOT}/Manifest.lock",
			);
			name = "[CP] Check Pods Manifest.lock";
			outputFileListPaths = (
			);
			outputPaths = (
				"$(DERIVED_FILE_DIR)/Pods-flix-flixUITests-checkManifestLockResult.txt",
			);
			runOnlyForDeploymentPostprocessing = 0;
			shellPath = /bin/sh;
			shellScript = "diff \"${PODS_PODFILE_DIR_PATH}/Podfile.lock\" \"${PODS_ROOT}/Manifest.lock\" > /dev/null\nif [ $? != 0 ] ; then\n    # print error to STDERR\n    echo \"error: The sandbox is not in sync with the Podfile.lock. Run 'pod install' or update your CocoaPods installation.\" >&2\n    exit 1\nfi\n# This output is used by Xcode 'outputs' to avoid re-running this script phase.\necho \"SUCCESS\" > \"${SCRIPT_OUTPUT_FILE_0}\"\n";
			showEnvVarsInLog = 0;
		};
		3126E01407B58075F357027E /* [CP] Check Pods Manifest.lock */ = {
			isa = PBXShellScriptBuildPhase;
			buildActionMask = 2147483647;
			files = (
			);
			inputFileListPaths = (
			);
			inputPaths = (
				"${PODS_PODFILE_DIR_PATH}/Podfile.lock",
				"${PODS_ROOT}/Manifest.lock",
			);
			name = "[CP] Check Pods Manifest.lock";
			outputFileListPaths = (
			);
			outputPaths = (
				"$(DERIVED_FILE_DIR)/Pods-flix-checkManifestLockResult.txt",
			);
			runOnlyForDeploymentPostprocessing = 0;
			shellPath = /bin/sh;
			shellScript = "diff \"${PODS_PODFILE_DIR_PATH}/Podfile.lock\" \"${PODS_ROOT}/Manifest.lock\" > /dev/null\nif [ $? != 0 ] ; then\n    # print error to STDERR\n    echo \"error: The sandbox is not in sync with the Podfile.lock. Run 'pod install' or update your CocoaPods installation.\" >&2\n    exit 1\nfi\n# This output is used by Xcode 'outputs' to avoid re-running this script phase.\necho \"SUCCESS\" > \"${SCRIPT_OUTPUT_FILE_0}\"\n";
			showEnvVarsInLog = 0;
		};
		8DAEE284344933EC3243AD6E /* [CP] Check Pods Manifest.lock */ = {
			isa = PBXShellScriptBuildPhase;
			buildActionMask = 2147483647;
			files = (
			);
			inputFileListPaths = (
			);
			inputPaths = (
				"${PODS_PODFILE_DIR_PATH}/Podfile.lock",
				"${PODS_ROOT}/Manifest.lock",
			);
			name = "[CP] Check Pods Manifest.lock";
			outputFileListPaths = (
			);
			outputPaths = (
				"$(DERIVED_FILE_DIR)/Pods-flixTests-checkManifestLockResult.txt",
			);
			runOnlyForDeploymentPostprocessing = 0;
			shellPath = /bin/sh;
			shellScript = "diff \"${PODS_PODFILE_DIR_PATH}/Podfile.lock\" \"${PODS_ROOT}/Manifest.lock\" > /dev/null\nif [ $? != 0 ] ; then\n    # print error to STDERR\n    echo \"error: The sandbox is not in sync with the Podfile.lock. Run 'pod install' or update your CocoaPods installation.\" >&2\n    exit 1\nfi\n# This output is used by Xcode 'outputs' to avoid re-running this script phase.\necho \"SUCCESS\" > \"${SCRIPT_OUTPUT_FILE_0}\"\n";
			showEnvVarsInLog = 0;
		};
		E04904D493CD21567DED67D9 /* [CP] Embed Pods Frameworks */ = {
			isa = PBXShellScriptBuildPhase;
			buildActionMask = 2147483647;
			files = (
			);
			inputFileListPaths = (
				"${PODS_ROOT}/Target Support Files/Pods-flix-flixUITests/Pods-flix-flixUITests-frameworks-${CONFIGURATION}-input-files.xcfilelist",
			);
			name = "[CP] Embed Pods Frameworks";
			outputFileListPaths = (
				"${PODS_ROOT}/Target Support Files/Pods-flix-flixUITests/Pods-flix-flixUITests-frameworks-${CONFIGURATION}-output-files.xcfilelist",
			);
			runOnlyForDeploymentPostprocessing = 0;
			shellPath = /bin/sh;
			shellScript = "\"${PODS_ROOT}/Target Support Files/Pods-flix-flixUITests/Pods-flix-flixUITests-frameworks.sh\"\n";
			showEnvVarsInLog = 0;
		};
/* End PBXShellScriptBuildPhase section */

/* Begin PBXSourcesBuildPhase section */
		42FB30C6253C5A9300877384 /* Sources */ = {
			isa = PBXSourcesBuildPhase;
			buildActionMask = 2147483647;
			files = (
				42FB30CE253C5A9300877384 /* AppDelegate.swift in Sources */,
				42FB30D0253C5A9300877384 /* SceneDelegate.swift in Sources */,
				42FB311C253C7FCA00877384 /* MovieCell.swift in Sources */,
				42FB3104253C641B00877384 /* MoviesViewController.swift in Sources */,
			);
			runOnlyForDeploymentPostprocessing = 0;
		};
		42FB30DC253C5A9500877384 /* Sources */ = {
			isa = PBXSourcesBuildPhase;
			buildActionMask = 2147483647;
			files = (
				42FB30E5253C5A9500877384 /* flixTests.swift in Sources */,
			);
			runOnlyForDeploymentPostprocessing = 0;
		};
		42FB30E7253C5A9500877384 /* Sources */ = {
			isa = PBXSourcesBuildPhase;
			buildActionMask = 2147483647;
			files = (
				42FB30F0253C5A9500877384 /* flixUITests.swift in Sources */,
			);
			runOnlyForDeploymentPostprocessing = 0;
		};
/* End PBXSourcesBuildPhase section */

/* Begin PBXTargetDependency section */
		42FB30E2253C5A9500877384 /* PBXTargetDependency */ = {
			isa = PBXTargetDependency;
			target = 42FB30C9253C5A9300877384 /* flix */;
			targetProxy = 42FB30E1253C5A9500877384 /* PBXContainerItemProxy */;
		};
		42FB30ED253C5A9500877384 /* PBXTargetDependency */ = {
			isa = PBXTargetDependency;
			target = 42FB30C9253C5A9300877384 /* flix */;
			targetProxy = 42FB30EC253C5A9500877384 /* PBXContainerItemProxy */;
		};
/* End PBXTargetDependency section */

/* Begin PBXVariantGroup section */
		42FB30D3253C5A9300877384 /* Main.storyboard */ = {
			isa = PBXVariantGroup;
			children = (
				42FB30D4253C5A9300877384 /* Base */,
			);
			name = Main.storyboard;
			sourceTree = "<group>";
		};
		42FB30D8253C5A9500877384 /* LaunchScreen.storyboard */ = {
			isa = PBXVariantGroup;
			children = (
				42FB30D9253C5A9500877384 /* Base */,
			);
			name = LaunchScreen.storyboard;
			sourceTree = "<group>";
		};
/* End PBXVariantGroup section */

/* Begin XCBuildConfiguration section */
		42FB30F2253C5A9500877384 /* Debug */ = {
			isa = XCBuildConfiguration;
			buildSettings = {
				ALWAYS_SEARCH_USER_PATHS = NO;
				CLANG_ANALYZER_NONNULL = YES;
				CLANG_ANALYZER_NUMBER_OBJECT_CONVERSION = YES_AGGRESSIVE;
				CLANG_CXX_LANGUAGE_STANDARD = "gnu++14";
				CLANG_CXX_LIBRARY = "libc++";
				CLANG_ENABLE_MODULES = YES;
				CLANG_ENABLE_OBJC_ARC = YES;
				CLANG_ENABLE_OBJC_WEAK = YES;
				CLANG_WARN_BLOCK_CAPTURE_AUTORELEASING = YES;
				CLANG_WARN_BOOL_CONVERSION = YES;
				CLANG_WARN_COMMA = YES;
				CLANG_WARN_CONSTANT_CONVERSION = YES;
				CLANG_WARN_DEPRECATED_OBJC_IMPLEMENTATIONS = YES;
				CLANG_WARN_DIRECT_OBJC_ISA_USAGE = YES_ERROR;
				CLANG_WARN_DOCUMENTATION_COMMENTS = YES;
				CLANG_WARN_EMPTY_BODY = YES;
				CLANG_WARN_ENUM_CONVERSION = YES;
				CLANG_WARN_INFINITE_RECURSION = YES;
				CLANG_WARN_INT_CONVERSION = YES;
				CLANG_WARN_NON_LITERAL_NULL_CONVERSION = YES;
				CLANG_WARN_OBJC_IMPLICIT_RETAIN_SELF = YES;
				CLANG_WARN_OBJC_LITERAL_CONVERSION = YES;
				CLANG_WARN_OBJC_ROOT_CLASS = YES_ERROR;
				CLANG_WARN_QUOTED_INCLUDE_IN_FRAMEWORK_HEADER = YES;
				CLANG_WARN_RANGE_LOOP_ANALYSIS = YES;
				CLANG_WARN_STRICT_PROTOTYPES = YES;
				CLANG_WARN_SUSPICIOUS_MOVE = YES;
				CLANG_WARN_UNGUARDED_AVAILABILITY = YES_AGGRESSIVE;
				CLANG_WARN_UNREACHABLE_CODE = YES;
				CLANG_WARN__DUPLICATE_METHOD_MATCH = YES;
				COPY_PHASE_STRIP = NO;
				DEBUG_INFORMATION_FORMAT = dwarf;
				ENABLE_STRICT_OBJC_MSGSEND = YES;
				ENABLE_TESTABILITY = YES;
				GCC_C_LANGUAGE_STANDARD = gnu11;
				GCC_DYNAMIC_NO_PIC = NO;
				GCC_NO_COMMON_BLOCKS = YES;
				GCC_OPTIMIZATION_LEVEL = 0;
				GCC_PREPROCESSOR_DEFINITIONS = (
					"DEBUG=1",
					"$(inherited)",
				);
				GCC_WARN_64_TO_32_BIT_CONVERSION = YES;
				GCC_WARN_ABOUT_RETURN_TYPE = YES_ERROR;
				GCC_WARN_UNDECLARED_SELECTOR = YES;
				GCC_WARN_UNINITIALIZED_AUTOS = YES_AGGRESSIVE;
				GCC_WARN_UNUSED_FUNCTION = YES;
				GCC_WARN_UNUSED_VARIABLE = YES;
				IPHONEOS_DEPLOYMENT_TARGET = 14.0;
				MTL_ENABLE_DEBUG_INFO = INCLUDE_SOURCE;
				MTL_FAST_MATH = YES;
				ONLY_ACTIVE_ARCH = YES;
				SDKROOT = iphoneos;
				SWIFT_ACTIVE_COMPILATION_CONDITIONS = DEBUG;
				SWIFT_OPTIMIZATION_LEVEL = "-Onone";
			};
			name = Debug;
		};
		42FB30F3253C5A9500877384 /* Release */ = {
			isa = XCBuildConfiguration;
			buildSettings = {
				ALWAYS_SEARCH_USER_PATHS = NO;
				CLANG_ANALYZER_NONNULL = YES;
				CLANG_ANALYZER_NUMBER_OBJECT_CONVERSION = YES_AGGRESSIVE;
				CLANG_CXX_LANGUAGE_STANDARD = "gnu++14";
				CLANG_CXX_LIBRARY = "libc++";
				CLANG_ENABLE_MODULES = YES;
				CLANG_ENABLE_OBJC_ARC = YES;
				CLANG_ENABLE_OBJC_WEAK = YES;
				CLANG_WARN_BLOCK_CAPTURE_AUTORELEASING = YES;
				CLANG_WARN_BOOL_CONVERSION = YES;
				CLANG_WARN_COMMA = YES;
				CLANG_WARN_CONSTANT_CONVERSION = YES;
				CLANG_WARN_DEPRECATED_OBJC_IMPLEMENTATIONS = YES;
				CLANG_WARN_DIRECT_OBJC_ISA_USAGE = YES_ERROR;
				CLANG_WARN_DOCUMENTATION_COMMENTS = YES;
				CLANG_WARN_EMPTY_BODY = YES;
				CLANG_WARN_ENUM_CONVERSION = YES;
				CLANG_WARN_INFINITE_RECURSION = YES;
				CLANG_WARN_INT_CONVERSION = YES;
				CLANG_WARN_NON_LITERAL_NULL_CONVERSION = YES;
				CLANG_WARN_OBJC_IMPLICIT_RETAIN_SELF = YES;
				CLANG_WARN_OBJC_LITERAL_CONVERSION = YES;
				CLANG_WARN_OBJC_ROOT_CLASS = YES_ERROR;
				CLANG_WARN_QUOTED_INCLUDE_IN_FRAMEWORK_HEADER = YES;
				CLANG_WARN_RANGE_LOOP_ANALYSIS = YES;
				CLANG_WARN_STRICT_PROTOTYPES = YES;
				CLANG_WARN_SUSPICIOUS_MOVE = YES;
				CLANG_WARN_UNGUARDED_AVAILABILITY = YES_AGGRESSIVE;
				CLANG_WARN_UNREACHABLE_CODE = YES;
				CLANG_WARN__DUPLICATE_METHOD_MATCH = YES;
				COPY_PHASE_STRIP = NO;
				DEBUG_INFORMATION_FORMAT = "dwarf-with-dsym";
				ENABLE_NS_ASSERTIONS = NO;
				ENABLE_STRICT_OBJC_MSGSEND = YES;
				GCC_C_LANGUAGE_STANDARD = gnu11;
				GCC_NO_COMMON_BLOCKS = YES;
				GCC_WARN_64_TO_32_BIT_CONVERSION = YES;
				GCC_WARN_ABOUT_RETURN_TYPE = YES_ERROR;
				GCC_WARN_UNDECLARED_SELECTOR = YES;
				GCC_WARN_UNINITIALIZED_AUTOS = YES_AGGRESSIVE;
				GCC_WARN_UNUSED_FUNCTION = YES;
				GCC_WARN_UNUSED_VARIABLE = YES;
				IPHONEOS_DEPLOYMENT_TARGET = 14.0;
				MTL_ENABLE_DEBUG_INFO = NO;
				MTL_FAST_MATH = YES;
				SDKROOT = iphoneos;
				SWIFT_COMPILATION_MODE = wholemodule;
				SWIFT_OPTIMIZATION_LEVEL = "-O";
				VALIDATE_PRODUCT = YES;
			};
			name = Release;
		};
		42FB30F5253C5A9500877384 /* Debug */ = {
			isa = XCBuildConfiguration;
			baseConfigurationReference = 6E5EA02474200CF68955EFA0 /* Pods-flix.debug.xcconfig */;
			buildSettings = {
				ASSETCATALOG_COMPILER_APPICON_NAME = AppIcon;
				ASSETCATALOG_COMPILER_GLOBAL_ACCENT_COLOR_NAME = AccentColor;
				CODE_SIGN_STYLE = Automatic;
				DEVELOPMENT_TEAM = B92B77RZD8;
				INFOPLIST_FILE = flix/Info.plist;
				LD_RUNPATH_SEARCH_PATHS = (
					"$(inherited)",
					"@executable_path/Frameworks",
				);
				PRODUCT_BUNDLE_IDENTIFIER = CChendy.flix;
				PRODUCT_NAME = "$(TARGET_NAME)";
				SWIFT_VERSION = 5.0;
				TARGETED_DEVICE_FAMILY = "1,2";
			};
			name = Debug;
		};
		42FB30F6253C5A9500877384 /* Release */ = {
			isa = XCBuildConfiguration;
			baseConfigurationReference = 8802B16B09C7799A1AD09334 /* Pods-flix.release.xcconfig */;
			buildSettings = {
				ASSETCATALOG_COMPILER_APPICON_NAME = AppIcon;
				ASSETCATALOG_COMPILER_GLOBAL_ACCENT_COLOR_NAME = AccentColor;
				CODE_SIGN_STYLE = Automatic;
				DEVELOPMENT_TEAM = B92B77RZD8;
				INFOPLIST_FILE = flix/Info.plist;
				LD_RUNPATH_SEARCH_PATHS = (
					"$(inherited)",
					"@executable_path/Frameworks",
				);
				PRODUCT_BUNDLE_IDENTIFIER = CChendy.flix;
				PRODUCT_NAME = "$(TARGET_NAME)";
				SWIFT_VERSION = 5.0;
				TARGETED_DEVICE_FAMILY = "1,2";
			};
			name = Release;
		};
		42FB30F8253C5A9500877384 /* Debug */ = {
			isa = XCBuildConfiguration;
			baseConfigurationReference = 3B4F15E47BEB11C07CB93156 /* Pods-flixTests.debug.xcconfig */;
			buildSettings = {
				ALWAYS_EMBED_SWIFT_STANDARD_LIBRARIES = YES;
				BUNDLE_LOADER = "$(TEST_HOST)";
				CODE_SIGN_STYLE = Automatic;
				DEVELOPMENT_TEAM = B92B77RZD8;
				INFOPLIST_FILE = flixTests/Info.plist;
				IPHONEOS_DEPLOYMENT_TARGET = 14.0;
				LD_RUNPATH_SEARCH_PATHS = (
					"$(inherited)",
					"@executable_path/Frameworks",
					"@loader_path/Frameworks",
				);
				PRODUCT_BUNDLE_IDENTIFIER = CChendy.flixTests;
				PRODUCT_NAME = "$(TARGET_NAME)";
				SWIFT_VERSION = 5.0;
				TARGETED_DEVICE_FAMILY = "1,2";
				TEST_HOST = "$(BUILT_PRODUCTS_DIR)/flix.app/flix";
			};
			name = Debug;
		};
		42FB30F9253C5A9500877384 /* Release */ = {
			isa = XCBuildConfiguration;
			baseConfigurationReference = 6F80677328B35DCB2256D153 /* Pods-flixTests.release.xcconfig */;
			buildSettings = {
				ALWAYS_EMBED_SWIFT_STANDARD_LIBRARIES = YES;
				BUNDLE_LOADER = "$(TEST_HOST)";
				CODE_SIGN_STYLE = Automatic;
				DEVELOPMENT_TEAM = B92B77RZD8;
				INFOPLIST_FILE = flixTests/Info.plist;
				IPHONEOS_DEPLOYMENT_TARGET = 14.0;
				LD_RUNPATH_SEARCH_PATHS = (
					"$(inherited)",
					"@executable_path/Frameworks",
					"@loader_path/Frameworks",
				);
				PRODUCT_BUNDLE_IDENTIFIER = CChendy.flixTests;
				PRODUCT_NAME = "$(TARGET_NAME)";
				SWIFT_VERSION = 5.0;
				TARGETED_DEVICE_FAMILY = "1,2";
				TEST_HOST = "$(BUILT_PRODUCTS_DIR)/flix.app/flix";
			};
			name = Release;
		};
		42FB30FB253C5A9500877384 /* Debug */ = {
			isa = XCBuildConfiguration;
			baseConfigurationReference = 5AD1D9FB4D1C662BD68DDCFE /* Pods-flix-flixUITests.debug.xcconfig */;
			buildSettings = {
				ALWAYS_EMBED_SWIFT_STANDARD_LIBRARIES = YES;
				CODE_SIGN_STYLE = Automatic;
				DEVELOPMENT_TEAM = B92B77RZD8;
				INFOPLIST_FILE = flixUITests/Info.plist;
				LD_RUNPATH_SEARCH_PATHS = (
					"$(inherited)",
					"@executable_path/Frameworks",
					"@loader_path/Frameworks",
				);
				PRODUCT_BUNDLE_IDENTIFIER = CChendy.flixUITests;
				PRODUCT_NAME = "$(TARGET_NAME)";
				SWIFT_VERSION = 5.0;
				TARGETED_DEVICE_FAMILY = "1,2";
				TEST_TARGET_NAME = flix;
			};
			name = Debug;
		};
		42FB30FC253C5A9500877384 /* Release */ = {
			isa = XCBuildConfiguration;
			baseConfigurationReference = 2B9E6224CA0428B22706781D /* Pods-flix-flixUITests.release.xcconfig */;
			buildSettings = {
				ALWAYS_EMBED_SWIFT_STANDARD_LIBRARIES = YES;
				CODE_SIGN_STYLE = Automatic;
				DEVELOPMENT_TEAM = B92B77RZD8;
				INFOPLIST_FILE = flixUITests/Info.plist;
				LD_RUNPATH_SEARCH_PATHS = (
					"$(inherited)",
					"@executable_path/Frameworks",
					"@loader_path/Frameworks",
				);
				PRODUCT_BUNDLE_IDENTIFIER = CChendy.flixUITests;
				PRODUCT_NAME = "$(TARGET_NAME)";
				SWIFT_VERSION = 5.0;
				TARGETED_DEVICE_FAMILY = "1,2";
				TEST_TARGET_NAME = flix;
			};
			name = Release;
		};
/* End XCBuildConfiguration section */

/* Begin XCConfigurationList section */
		42FB30C5253C5A9300877384 /* Build configuration list for PBXProject "flix" */ = {
			isa = XCConfigurationList;
			buildConfigurations = (
				42FB30F2253C5A9500877384 /* Debug */,
				42FB30F3253C5A9500877384 /* Release */,
			);
			defaultConfigurationIsVisible = 0;
			defaultConfigurationName = Release;
		};
		42FB30F4253C5A9500877384 /* Build configuration list for PBXNativeTarget "flix" */ = {
			isa = XCConfigurationList;
			buildConfigurations = (
				42FB30F5253C5A9500877384 /* Debug */,
				42FB30F6253C5A9500877384 /* Release */,
			);
			defaultConfigurationIsVisible = 0;
			defaultConfigurationName = Release;
		};
		42FB30F7253C5A9500877384 /* Build configuration list for PBXNativeTarget "flixTests" */ = {
			isa = XCConfigurationList;
			buildConfigurations = (
				42FB30F8253C5A9500877384 /* Debug */,
				42FB30F9253C5A9500877384 /* Release */,
			);
			defaultConfigurationIsVisible = 0;
			defaultConfigurationName = Release;
		};
		42FB30FA253C5A9500877384 /* Build configuration list for PBXNativeTarget "flixUITests" */ = {
			isa = XCConfigurationList;
			buildConfigurations = (
				42FB30FB253C5A9500877384 /* Debug */,
				42FB30FC253C5A9500877384 /* Release */,
			);
			defaultConfigurationIsVisible = 0;
			defaultConfigurationName = Release;
		};
/* End XCConfigurationList section */
	};
	rootObject = 42FB30C2253C5A9300877384 /* Project object */;
}
